<?xml version="1.0" encoding="utf-8"?>
<Project ToolsVersion="4.0" xmlns="http://schemas.microsoft.com/developer/msbuild/2003">
  <ItemGroup>
    <Filter Include="Source Files">
      <UniqueIdentifier>{4FC737F1-C7A5-4376-A066-2A32D752A2FF}</UniqueIdentifier>
      <Extensions>cpp;cxx;c;def</Extensions>
    </Filter>
    <Filter Include="Header Files">
      <UniqueIdentifier>{93995380-89BD-4b04-88EB-625FBE52EBFB}</UniqueIdentifier>
      <Extensions>h</Extensions>
    </Filter>
    <Filter Include="Form Files">
      <UniqueIdentifier>{99349809-55BA-4b9d-BF79-8FDBB0286EB3}</UniqueIdentifier>
      <Extensions>ui</Extensions>
    </Filter>
    <Filter Include="Resource Files">
      <UniqueIdentifier>{D9D6E242-F8AF-46E4-B9FD-80ECBC20BA3E}</UniqueIdentifier>
      <Extensions>qrc;*</Extensions>
      <ParseFiles>false</ParseFiles>
    </Filter>
    <Filter Include="Generated Files">
      <UniqueIdentifier>{71ED8ED8-ACB9-4CE9-BBE1-E00B30144E11}</UniqueIdentifier>
      <Extensions>moc;h;cpp</Extensions>
      <SourceControlFiles>False</SourceControlFiles>
    </Filter>
    <Filter Include="Generated Files\Debug">
      <UniqueIdentifier>{f7c9d1cc-5ab0-4f5a-9ff7-43c215742f51}</UniqueIdentifier>
      <Extensions>cpp;moc</Extensions>
      <SourceControlFiles>False</SourceControlFiles>
    </Filter>
    <Filter Include="Generated Files\Release">
      <UniqueIdentifier>{450f5875-45ac-42b9-ba6d-ae4cbdd3c2dd}</UniqueIdentifier>
      <Extensions>cpp;moc</Extensions>
      <SourceControlFiles>False</SourceControlFiles>
    </Filter>
    <Filter Include="STDAFX">
      <UniqueIdentifier>{b611056d-30ab-43c8-b15a-41e9d1563995}</UniqueIdentifier>
    </Filter>
    <Filter Include="Translation Files">
      <UniqueIdentifier>{639EADAA-A684-42e4-A9AD-28FC9BCB8F7C}</UniqueIdentifier>
      <Extensions>ts</Extensions>
      <ParseFiles>false</ParseFiles>
    </Filter>
    <Filter Include="Source Files\Plot">
      <UniqueIdentifier>{15da40ae-6eca-49f7-a126-40ab8139c54f}</UniqueIdentifier>
    </Filter>
    <Filter Include="Header Files\Plot">
      <UniqueIdentifier>{510bf0e6-6577-46a2-8439-c43308259c3e}</UniqueIdentifier>
    </Filter>
  </ItemGroup>
  <ItemGroup>
    <ClCompile Include="main.cpp">
      <Filter>Source Files</Filter>
    </ClCompile>
    <ClCompile Include="GeneratedFiles\Debug\moc_optimaplotter.cpp">
      <Filter>Generated Files\Debug</Filter>
    </ClCompile>
    <ClCompile Include="GeneratedFiles\Release\moc_optimaplotter.cpp">
      <Filter>Generated Files\Release</Filter>
    </ClCompile>
    <ClCompile Include="GeneratedFiles\qrc_optimaplotter.cpp">
      <Filter>Generated Files</Filter>
    </ClCompile>
    <ClCompile Include="stdafx.cpp">
      <Filter>STDAFX</Filter>
    </ClCompile>
    <ClCompile Include="GeneratedFiles\Debug\moc_plotwidget.cpp">
      <Filter>Generated Files\Debug</Filter>
    </ClCompile>
    <ClCompile Include="GeneratedFiles\Release\moc_plotwidget.cpp">
      <Filter>Generated Files\Release</Filter>
    </ClCompile>
    <ClCompile Include="GeneratedFiles\Debug\moc_plotpanner.cpp">
      <Filter>Generated Files\Debug</Filter>
    </ClCompile>
    <ClCompile Include="GeneratedFiles\Release\moc_plotpanner.cpp">
      <Filter>Generated Files\Release</Filter>
    </ClCompile>
    <ClCompile Include="GeneratedFiles\Debug\moc_plotmagnifier.cpp">
      <Filter>Generated Files\Debug</Filter>
    </ClCompile>
    <ClCompile Include="GeneratedFiles\Release\moc_plotmagnifier.cpp">
      <Filter>Generated Files\Release</Filter>
    </ClCompile>
    <ClCompile Include="settingsdialog.cpp">
      <Filter>Source Files</Filter>
    </ClCompile>
    <ClCompile Include="GeneratedFiles\Debug\moc_settingsdialog.cpp">
      <Filter>Generated Files\Debug</Filter>
    </ClCompile>
    <ClCompile Include="GeneratedFiles\Release\moc_settingsdialog.cpp">
      <Filter>Generated Files\Release</Filter>
    </ClCompile>
    <ClCompile Include="GeneratedFiles\Debug\moc_knotpicker.cpp">
      <Filter>Generated Files\Debug</Filter>
    </ClCompile>
    <ClCompile Include="GeneratedFiles\Release\moc_knotpicker.cpp">
      <Filter>Generated Files\Release</Filter>
    </ClCompile>
    <ClCompile Include="GeneratedFiles\Debug\moc_canvaspicker.cpp">
      <Filter>Generated Files\Debug</Filter>
    </ClCompile>
    <ClCompile Include="GeneratedFiles\Release\moc_canvaspicker.cpp">
      <Filter>Generated Files\Release</Filter>
    </ClCompile>
    <ClCompile Include="canvaspicker.cpp">
      <Filter>Source Files\Plot</Filter>
    </ClCompile>
    <ClCompile Include="knotpicker.cpp">
      <Filter>Source Files\Plot</Filter>
    </ClCompile>
    <ClCompile Include="knotitem.cpp">
      <Filter>Source Files\Plot</Filter>
    </ClCompile>
    <ClCompile Include="markeritem.cpp">
      <Filter>Source Files\Plot</Filter>
    </ClCompile>
    <ClCompile Include="markerpickerclickpointmachine.cpp">
      <Filter>Source Files\Plot</Filter>
    </ClCompile>
    <ClCompile Include="plotmagnifier.cpp">
      <Filter>Source Files\Plot</Filter>
    </ClCompile>
    <ClCompile Include="plotpanner.cpp">
      <Filter>Source Files\Plot</Filter>
    </ClCompile>
    <ClCompile Include="plotwidget.cpp">
      <Filter>Source Files\Plot</Filter>
    </ClCompile>
    <ClCompile Include="selectable.cpp">
      <Filter>Source Files\Plot</Filter>
    </ClCompile>
    <ClCompile Include="explorerbase.cpp">
      <Filter>Source Files</Filter>
    </ClCompile>
    <ClCompile Include="optimaplotter.cpp">
      <Filter>Source Files</Filter>
    </ClCompile>
    <ClCompile Include="markerexplorer.cpp">
      <Filter>Source Files</Filter>
    </ClCompile>
    <ClCompile Include="knotexplorer.cpp">
      <Filter>Source Files</Filter>
    </ClCompile>
    <ClCompile Include="GeneratedFiles\Debug\moc_knotexplorer.cpp">
      <Filter>Generated Files\Debug</Filter>
    </ClCompile>
    <ClCompile Include="GeneratedFiles\Release\moc_knotexplorer.cpp">
      <Filter>Generated Files\Release</Filter>
    </ClCompile>
    <ClCompile Include="GeneratedFiles\Debug\moc_markerexplorer.cpp">
      <Filter>Generated Files\Debug</Filter>
    </ClCompile>
    <ClCompile Include="GeneratedFiles\Release\moc_markerexplorer.cpp">
      <Filter>Generated Files\Release</Filter>
    </ClCompile>
    <ClCompile Include="GeneratedFiles\Debug\moc_explorerbase.cpp">
      <Filter>Generated Files\Debug</Filter>
    </ClCompile>
    <ClCompile Include="GeneratedFiles\Release\moc_explorerbase.cpp">
      <Filter>Generated Files\Release</Filter>
    </ClCompile>
    <ClCompile Include="markermodel.cpp">
      <Filter>Source Files</Filter>
    </ClCompile>
    <ClCompile Include="basemodel.cpp">
      <Filter>Source Files</Filter>
    </ClCompile>
    <ClCompile Include="GeneratedFiles\Debug\moc_basemodel.cpp">
      <Filter>Generated Files\Debug</Filter>
    </ClCompile>
    <ClCompile Include="GeneratedFiles\Release\moc_basemodel.cpp">
      <Filter>Generated Files\Release</Filter>
    </ClCompile>
    <ClCompile Include="GeneratedFiles\Debug\moc_markermodel.cpp">
      <Filter>Generated Files\Debug</Filter>
    </ClCompile>
    <ClCompile Include="GeneratedFiles\Release\moc_markermodel.cpp">
      <Filter>Generated Files\Release</Filter>
    </ClCompile>
    <ClCompile Include="knotmodel.cpp">
      <Filter>Source Files</Filter>
    </ClCompile>
    <ClCompile Include="GeneratedFiles\Debug\moc_knotmodel.cpp">
      <Filter>Generated Files\Debug</Filter>
    </ClCompile>
    <ClCompile Include="GeneratedFiles\Release\moc_knotmodel.cpp">
      <Filter>Generated Files\Release</Filter>
    </ClCompile>
    <ClCompile Include="doublepropertydelegate.cpp">
      <Filter>Source Files</Filter>
    </ClCompile>
    <ClCompile Include="GeneratedFiles\Debug\moc_doublepropertydelegate.cpp">
      <Filter>Generated Files\Debug</Filter>
    </ClCompile>
    <ClCompile Include="GeneratedFiles\Release\moc_doublepropertydelegate.cpp">
      <Filter>Generated Files\Release</Filter>
    </ClCompile>
    <ClCompile Include="GeneratedFiles\Debug\moc_canvaspicker.cpp">
      <Filter>Generated Files\Debug</Filter>
    </ClCompile>
    <ClCompile Include="GeneratedFiles\Release\moc_canvaspicker.cpp">
      <Filter>Generated Files\Release</Filter>
    </ClCompile>
    <ClCompile Include="GeneratedFiles\Debug\moc_rangeexplorer.cpp">
      <Filter>Generated Files\Debug</Filter>
    </ClCompile>
    <ClCompile Include="GeneratedFiles\Release\moc_rangeexplorer.cpp">
      <Filter>Generated Files\Release</Filter>
    </ClCompile>
    <ClCompile Include="rangemodel.cpp">
      <Filter>Source Files</Filter>
    </ClCompile>
    <ClCompile Include="GeneratedFiles\Debug\moc_rangemodel.cpp">
      <Filter>Generated Files\Debug</Filter>
    </ClCompile>
    <ClCompile Include="GeneratedFiles\Release\moc_rangemodel.cpp">
      <Filter>Generated Files\Release</Filter>
    </ClCompile>
    <ClCompile Include="rangeexplorer.cpp">
      <Filter>Source Files</Filter>
    </ClCompile>
    <ClCompile Include="sortingmodel.cpp">
      <Filter>Source Files</Filter>
    </ClCompile>
    <ClCompile Include="algosettingstoolwidget.cpp">
      <Filter>Source Files</Filter>
    </ClCompile>
    <ClCompile Include="GeneratedFiles\Debug\moc_algosettingstoolwidget.cpp">
      <Filter>Generated Files\Debug</Filter>
    </ClCompile>
    <ClCompile Include="GeneratedFiles\Release\moc_algosettingstoolwidget.cpp">
      <Filter>Generated Files\Release</Filter>
    </ClCompile>
  </ItemGroup>
  <ItemGroup>
    <ClInclude Include="GeneratedFiles\ui_optimaplotter.h">
      <Filter>Generated Files</Filter>
    </ClInclude>
    <ClInclude Include="stdafx.h">
      <Filter>STDAFX</Filter>
    </ClInclude>
    <ClInclude Include="GeneratedFiles\ui_settingsdialog.h">
      <Filter>Generated Files</Filter>
    </ClInclude>
    <ClInclude Include="markerpickerclickpointmachine.h">
      <Filter>Header Files\Plot</Filter>
    </ClInclude>
    <ClInclude Include="selectable.h">
      <Filter>Header Files</Filter>
    </ClInclude>
    <ClInclude Include="sortingmodel.h">
      <Filter>Header Files</Filter>
    </ClInclude>
  </ItemGroup>
  <ItemGroup>
    <CustomBuild Include="optimaplotter.ui">
      <Filter>Form Files</Filter>
    </CustomBuild>
    <CustomBuild Include="optimaplotter.qrc">
      <Filter>Resource Files</Filter>
    </CustomBuild>
    <CustomBuild Include="settingsdialog.ui">
      <Filter>Form Files</Filter>
    </CustomBuild>
    <CustomBuild Include="settingsdialog.h">
      <Filter>Header Files</Filter>
    </CustomBuild>
    <CustomBuild Include="canvaspicker.h">
      <Filter>Header Files\Plot</Filter>
    </CustomBuild>
    <CustomBuild Include="knotitem.h">
      <Filter>Header Files\Plot</Filter>
    </CustomBuild>
    <CustomBuild Include="knotpicker.h">
      <Filter>Header Files\Plot</Filter>
    </CustomBuild>
    <CustomBuild Include="plotmagnifier.h">
      <Filter>Header Files\Plot</Filter>
    </CustomBuild>
    <CustomBuild Include="plotpanner.h">
      <Filter>Header Files\Plot</Filter>
    </CustomBuild>
    <CustomBuild Include="plotwidget.h">
      <Filter>Header Files\Plot</Filter>
    </CustomBuild>
    <CustomBuild Include="optimaplotter.h">
      <Filter>Header Files</Filter>
    </CustomBuild>
    <CustomBuild Include="knotexplorer.h">
      <Filter>Header Files</Filter>
    </CustomBuild>
    <CustomBuild Include="markerexplorer.h">
      <Filter>Header Files</Filter>
    </CustomBuild>
    <CustomBuild Include="basemodel.h">
      <Filter>Header Files</Filter>
    </CustomBuild>
    <CustomBuild Include="markermodel.h">
      <Filter>Header Files</Filter>
    </CustomBuild>
    <CustomBuild Include="markeritem.h">
      <Filter>Header Files\Plot</Filter>
    </CustomBuild>
    <CustomBuild Include="knotmodel.h">
      <Filter>Header Files</Filter>
    </CustomBuild>
    <CustomBuild Include="explorerbase.h">
      <Filter>Header Files</Filter>
    </CustomBuild>
    <CustomBuild Include="doublepropertydelegate.h">
      <Filter>Header Files</Filter>
    </CustomBuild>
    <CustomBuild Include="rangeexplorer.h">
      <Filter>Header Files</Filter>
    </CustomBuild>
    <CustomBuild Include="rangemodel.h">
      <Filter>Header Files</Filter>
    </CustomBuild>
    <CustomBuild Include="algosettingstoolwidget.h">
      <Filter>Header Files</Filter>
    </CustomBuild>
  </ItemGroup>
  <ItemGroup>
    <ResourceCompile Include="OptimaPlotter.rc" />
  </ItemGroup>
  <ItemGroup>
    <None Include="optimaplotter_hy.ts">
      <Filter>Translation Files</Filter>
    </None>
  </ItemGroup>
</Project>